
Microsoft Visual Studio Solution File, Format Version 12.00
# Visual Studio Version 16
VisualStudioVersion = 16.0.29920.165
MinimumVisualStudioVersion = 10.0.40219.1
Project("{FAE04EC0-301F-11D3-BF4B-00C04F79EFBC}") = "ProgrammingExercise-Shapes", "ProgrammingExercise-Shapes.csproj", "{8823A3CB-AD99-455D-B098-AF0B60897281}"
EndProject
Project("{FAE04EC0-301F-11D3-BF4B-00C04F79EFBC}") = "ShapeIntersectionTesting", "..\ShapeIntersectionTesting\ShapeIntersectionTesting.csproj", "{B89862C0-8105-417E-8C7E-BD2D2666B571}"
EndProject
Global
	GlobalSection(SolutionConfigurationPlatforms) = preSolution
		Debug|Any CPU = Debug|Any CPU
		Release|Any CPU = Release|Any CPU
	EndGlobalSection
	GlobalSection(ProjectConfigurationPlatforms) = postSolution
		{8823A3CB-AD99-455D-B098-AF0B60897281}.Debug|Any CPU.ActiveCfg = Debug|Any CPU
		{8823A3CB-AD99-455D-B098-AF0B60897281}.Debug|Any CPU.Build.0 = Debug|Any CPU
		{8823A3CB-AD99-455D-B098-AF0B60897281}.Release|Any CPU.ActiveCfg = Release|Any CPU
		{8823A3CB-AD99-455D-B098-AF0B60897281}.Release|Any CPU.Build.0 = Release|Any CPU
		{B89862C0-8105-417E-8C7E-BD2D2666B571}.Debug|Any CPU.ActiveCfg = Debug|Any CPU
		{B89862C0-8105-417E-8C7E-BD2D2666B571}.Debug|Any CPU.Build.0 = Debug|Any CPU
		{B89862C0-8105-417E-8C7E-BD2D2666B571}.Release|Any CPU.ActiveCfg = Release|Any CPU
		{B89862C0-8105-417E-8C7E-BD2D2666B571}.Release|Any CPU.Build.0 = Release|Any CPU
	EndGlobalSection
	GlobalSection(SolutionProperties) = preSolution
		HideSolutionNode = FALSE
	EndGlobalSection
	GlobalSection(ExtensibilityGlobals) = postSolution
		SolutionGuid = {4783C787-DC6B-41CA-9440-42D4F843F2AC}
	EndGlobalSection
EndGlobal
